
Microsoft Visual Studio Solution File, Format Version 12.00
# Visual Studio Version 16
VisualStudioVersion = 16.0.31205.134
MinimumVisualStudioVersion = 10.0.40219.1
Project("{FAE04EC0-301F-11D3-BF4B-00C04F79EFBC}") = "RemindMeBFF", "RemindMeBFF\RemindMeBFF.csproj", "{4E1CC16B-73D2-4F7B-A002-820E49BCB366}"
EndProject
Global
	GlobalSection(SolutionConfigurationPlatforms) = preSolution
		Debug|Any CPU = Debug|Any CPU
		Release|Any CPU = Release|Any CPU
	EndGlobalSection
	GlobalSection(ProjectConfigurationPlatforms) = postSolution
		{4E1CC16B-73D2-4F7B-A002-820E49BCB366}.Debug|Any CPU.ActiveCfg = Debug|Any CPU
		{4E1CC16B-73D2-4F7B-A002-820E49BCB366}.Debug|Any CPU.Build.0 = Debug|Any CPU
		{4E1CC16B-73D2-4F7B-A002-820E49BCB366}.Release|Any CPU.ActiveCfg = Release|Any CPU
		{4E1CC16B-73D2-4F7B-A002-820E49BCB366}.Release|Any CPU.Build.0 = Release|Any CPU
	EndGlobalSection
	GlobalSection(SolutionProperties) = preSolution
		HideSolutionNode = FALSE
	EndGlobalSection
	GlobalSection(ExtensibilityGlobals) = postSolution
		SolutionGuid = {FE915C7E-9655-4C6D-B669-D7F09AF0FEC4}
	EndGlobalSection
EndGlobal
